
Microsoft Visual Studio Solution File, Format Version 12.00
# Visual Studio Version 17
VisualStudioVersion = 17.1.32421.90
MinimumVisualStudioVersion = 10.0.40219.1
Project("{FAE04EC0-301F-11D3-BF4B-00C04F79EFBC}") = "SiemensECommerce.UI", "SiemensECommerce.UI\SiemensECommerce.UI.csproj", "{F8FAE0B1-5B64-465A-B3ED-F4BCE50C5940}"
EndProject
Project("{FAE04EC0-301F-11D3-BF4B-00C04F79EFBC}") = "SiemensECommerce.Data", "SiemensECommerce.Data\SiemensECommerce.Data.csproj", "{9420FBEB-3192-44C1-9BF9-A296DF875D98}"
EndProject
Project("{FAE04EC0-301F-11D3-BF4B-00C04F79EFBC}") = "SiemensECommerce.Business", "SiemensECommerce.Business\SiemensECommerce.Business.csproj", "{438BABA5-5158-4983-A3EF-29463B276B3C}"
EndProject
Global
	GlobalSection(SolutionConfigurationPlatforms) = preSolution
		Debug|Any CPU = Debug|Any CPU
		Release|Any CPU = Release|Any CPU
	EndGlobalSection
	GlobalSection(ProjectConfigurationPlatforms) = postSolution
		{F8FAE0B1-5B64-465A-B3ED-F4BCE50C5940}.Debug|Any CPU.ActiveCfg = Debug|Any CPU
		{F8FAE0B1-5B64-465A-B3ED-F4BCE50C5940}.Debug|Any CPU.Build.0 = Debug|Any CPU
		{F8FAE0B1-5B64-465A-B3ED-F4BCE50C5940}.Release|Any CPU.ActiveCfg = Release|Any CPU
		{F8FAE0B1-5B64-465A-B3ED-F4BCE50C5940}.Release|Any CPU.Build.0 = Release|Any CPU
		{9420FBEB-3192-44C1-9BF9-A296DF875D98}.Debug|Any CPU.ActiveCfg = Debug|Any CPU
		{9420FBEB-3192-44C1-9BF9-A296DF875D98}.Debug|Any CPU.Build.0 = Debug|Any CPU
		{9420FBEB-3192-44C1-9BF9-A296DF875D98}.Release|Any CPU.ActiveCfg = Release|Any CPU
		{9420FBEB-3192-44C1-9BF9-A296DF875D98}.Release|Any CPU.Build.0 = Release|Any CPU
		{438BABA5-5158-4983-A3EF-29463B276B3C}.Debug|Any CPU.ActiveCfg = Debug|Any CPU
		{438BABA5-5158-4983-A3EF-29463B276B3C}.Debug|Any CPU.Build.0 = Debug|Any CPU
		{438BABA5-5158-4983-A3EF-29463B276B3C}.Release|Any CPU.ActiveCfg = Release|Any CPU
		{438BABA5-5158-4983-A3EF-29463B276B3C}.Release|Any CPU.Build.0 = Release|Any CPU
	EndGlobalSection
	GlobalSection(SolutionProperties) = preSolution
		HideSolutionNode = FALSE
	EndGlobalSection
	GlobalSection(ExtensibilityGlobals) = postSolution
		SolutionGuid = {71F65D36-C3F1-4205-BC92-CC3E4D28B00E}
	EndGlobalSection
EndGlobal
