
Microsoft Visual Studio Solution File, Format Version 12.00
# Visual Studio Version 17
VisualStudioVersion = 17.1.32421.90
MinimumVisualStudioVersion = 10.0.40219.1
Project("{FAE04EC0-301F-11D3-BF4B-00C04F79EFBC}") = "MVCTutorial-1", "MVCTutorial-1\MVCTutorial-1.csproj", "{50EAFA50-79EB-4352-A6DA-CDA2F4B8993A}"
EndProject
Global
	GlobalSection(SolutionConfigurationPlatforms) = preSolution
		Debug|Any CPU = Debug|Any CPU
		Release|Any CPU = Release|Any CPU
	EndGlobalSection
	GlobalSection(ProjectConfigurationPlatforms) = postSolution
		{50EAFA50-79EB-4352-A6DA-CDA2F4B8993A}.Debug|Any CPU.ActiveCfg = Debug|Any CPU
		{50EAFA50-79EB-4352-A6DA-CDA2F4B8993A}.Debug|Any CPU.Build.0 = Debug|Any CPU
		{50EAFA50-79EB-4352-A6DA-CDA2F4B8993A}.Release|Any CPU.ActiveCfg = Release|Any CPU
		{50EAFA50-79EB-4352-A6DA-CDA2F4B8993A}.Release|Any CPU.Build.0 = Release|Any CPU
	EndGlobalSection
	GlobalSection(SolutionProperties) = preSolution
		HideSolutionNode = FALSE
	EndGlobalSection
	GlobalSection(ExtensibilityGlobals) = postSolution
		SolutionGuid = {03A4C39C-363D-4CB4-BEA2-681A6DDBB7AA}
	EndGlobalSection
EndGlobal
