
Microsoft Visual Studio Solution File, Format Version 12.00
# Visual Studio Version 17
VisualStudioVersion = 17.1.32421.90
MinimumVisualStudioVersion = 10.0.40219.1
Project("{FAE04EC0-301F-11D3-BF4B-00C04F79EFBC}") = "MVCTutorial-7", "MVCTutorial-7\MVCTutorial-7.csproj", "{A813A00E-7ED8-4CAA-AFF7-4D913E15A097}"
EndProject
Global
	GlobalSection(SolutionConfigurationPlatforms) = preSolution
		Debug|Any CPU = Debug|Any CPU
		Release|Any CPU = Release|Any CPU
	EndGlobalSection
	GlobalSection(ProjectConfigurationPlatforms) = postSolution
		{A813A00E-7ED8-4CAA-AFF7-4D913E15A097}.Debug|Any CPU.ActiveCfg = Debug|Any CPU
		{A813A00E-7ED8-4CAA-AFF7-4D913E15A097}.Debug|Any CPU.Build.0 = Debug|Any CPU
		{A813A00E-7ED8-4CAA-AFF7-4D913E15A097}.Release|Any CPU.ActiveCfg = Release|Any CPU
		{A813A00E-7ED8-4CAA-AFF7-4D913E15A097}.Release|Any CPU.Build.0 = Release|Any CPU
	EndGlobalSection
	GlobalSection(SolutionProperties) = preSolution
		HideSolutionNode = FALSE
	EndGlobalSection
	GlobalSection(ExtensibilityGlobals) = postSolution
		SolutionGuid = {B1313D1B-7022-474F-A3B0-F9FF1BD53BB4}
	EndGlobalSection
EndGlobal
